
Microsoft Visual Studio Solution File, Format Version 12.00
# Visual Studio Version 16
VisualStudioVersion = 16.0.30804.86
MinimumVisualStudioVersion = 10.0.40219.1
Project("{9A19103F-16F7-4668-BE54-9A1E7A4F7556}") = "TestsUnitaires", "Tests Unitaires\TestsUnitaires.csproj", "{C2C9DFB6-B36D-4011-9963-3160F8C3FC31}"
EndProject
Project("{9A19103F-16F7-4668-BE54-9A1E7A4F7556}") = "CICDAPI", "CICDAPI\CICDAPI.csproj", "{75292548-120A-45EF-9C5D-65994A83F3BF}"
EndProject
Global
	GlobalSection(SolutionConfigurationPlatforms) = preSolution
		Debug|Any CPU = Debug|Any CPU
		Release|Any CPU = Release|Any CPU
	EndGlobalSection
	GlobalSection(ProjectConfigurationPlatforms) = postSolution
		{C2C9DFB6-B36D-4011-9963-3160F8C3FC31}.Debug|Any CPU.ActiveCfg = Debug|Any CPU
		{C2C9DFB6-B36D-4011-9963-3160F8C3FC31}.Debug|Any CPU.Build.0 = Debug|Any CPU
		{C2C9DFB6-B36D-4011-9963-3160F8C3FC31}.Release|Any CPU.ActiveCfg = Release|Any CPU
		{C2C9DFB6-B36D-4011-9963-3160F8C3FC31}.Release|Any CPU.Build.0 = Release|Any CPU
		{75292548-120A-45EF-9C5D-65994A83F3BF}.Debug|Any CPU.ActiveCfg = Debug|Any CPU
		{75292548-120A-45EF-9C5D-65994A83F3BF}.Debug|Any CPU.Build.0 = Debug|Any CPU
		{75292548-120A-45EF-9C5D-65994A83F3BF}.Release|Any CPU.ActiveCfg = Release|Any CPU
		{75292548-120A-45EF-9C5D-65994A83F3BF}.Release|Any CPU.Build.0 = Release|Any CPU
	EndGlobalSection
	GlobalSection(SolutionProperties) = preSolution
		HideSolutionNode = FALSE
	EndGlobalSection
	GlobalSection(ExtensibilityGlobals) = postSolution
		SolutionGuid = {5F33030F-91EF-4B65-B40A-3CBA181270DF}
	EndGlobalSection
EndGlobal
